<?xml version="1.0" encoding="utf-8"?>
<Project ToolsVersion="4.0" xmlns="http://schemas.microsoft.com/developer/msbuild/2003">
  <ItemGroup>
    <ClCompile Include="..\Classes\AppDelegate.cpp" />
    <ClCompile Include="main.cpp" />
    <ClCompile Include="..\Classes\GameScene\GameScene.cpp">
      <Filter>GameScene</Filter>
    </ClCompile>
    <ClCompile Include="..\Classes\GameScene\GameMap.cpp">
      <Filter>GameScene</Filter>
    </ClCompile>
    <ClCompile Include="..\Classes\GameScene\Hero.cpp">
      <Filter>GameScene</Filter>
    </ClCompile>
    <ClCompile Include="..\Classes\GameScene\Player.cpp">
      <Filter>GameScene</Filter>
    </ClCompile>
    <ClCompile Include="..\Classes\GameScene\GameLayer.cpp">
      <Filter>GameScene</Filter>
    </ClCompile>
    <ClCompile Include="..\Classes\GameScene\GameTipsLayer.cpp">
      <Filter>GameScene</Filter>
    </ClCompile>
    <ClCompile Include="..\Classes\GameScene\GameUILayer.cpp">
      <Filter>GameScene</Filter>
    </ClCompile>
    <ClCompile Include="..\Classes\GameScene\GameManager.cpp">
      <Filter>GameScene</Filter>
    </ClCompile>
    <ClCompile Include="..\Classes\GameScene\LoginScene.cpp">
      <Filter>GameScene</Filter>
    </ClCompile>
    <ClCompile Include="..\Classes\Net\NetDispatcher.cpp">
      <Filter>Net</Filter>
    </ClCompile>
    <ClCompile Include="..\Classes\Net\NetDispatcherHandle_Login.cpp">
      <Filter>Net</Filter>
    </ClCompile>
    <ClCompile Include="..\Classes\UI\GameUI.cpp">
      <Filter>UI</Filter>
    </ClCompile>
    <ClCompile Include="..\Classes\UI\RoleSelectUI.cpp">
      <Filter>UI</Filter>
    </ClCompile>
    <ClCompile Include="..\Classes\Net\message.cpp">
      <Filter>Net</Filter>
    </ClCompile>
    <ClCompile Include="..\Classes\Net\msg_betweenClientLs.cpp">
      <Filter>Net</Filter>
    </ClCompile>
    <ClCompile Include="..\Classes\Net\msg_betweenLsGs.cpp">
      <Filter>Net</Filter>
    </ClCompile>
    <ClCompile Include="..\Classes\Net\msg_betweenLsPs.cpp">
      <Filter>Net</Filter>
    </ClCompile>
    <ClCompile Include="..\Classes\Net\msg_chat.cpp">
      <Filter>Net</Filter>
    </ClCompile>
    <ClCompile Include="..\Classes\Net\msg_move.cpp">
      <Filter>Net</Filter>
    </ClCompile>
    <ClCompile Include="..\Classes\Net\msg_nonInGame.cpp">
      <Filter>Net</Filter>
    </ClCompile>
    <ClCompile Include="..\Classes\Net\msg_others.cpp">
      <Filter>Net</Filter>
    </ClCompile>
    <ClCompile Include="..\Classes\Net\msg_pet.cpp">
      <Filter>Net</Filter>
    </ClCompile>
    <ClCompile Include="..\Classes\Net\msg_role.cpp">
      <Filter>Net</Filter>
    </ClCompile>
    <ClCompile Include="..\Classes\Net\NetDispatcherHandle_betweenLsPs.cpp">
      <Filter>Net</Filter>
    </ClCompile>
    <ClCompile Include="..\Classes\Net\NetDispatcherHandle_Chat.cpp">
      <Filter>Net</Filter>
    </ClCompile>
    <ClCompile Include="..\Classes\Net\NetDispatcherHandle_LS2C.cpp">
      <Filter>Net</Filter>
    </ClCompile>
    <ClCompile Include="..\Classes\Net\NetDispatcherHandle_Map.cpp">
      <Filter>Net</Filter>
    </ClCompile>
    <ClCompile Include="..\Classes\Net\NetDispatcherHandle_Others.cpp">
      <Filter>Net</Filter>
    </ClCompile>
    <ClCompile Include="..\Classes\Net\NetDispatcherHandle_Pet.cpp">
      <Filter>Net</Filter>
    </ClCompile>
    <ClCompile Include="..\Classes\Net\NetDispatcherHandle_Role.cpp">
      <Filter>Net</Filter>
    </ClCompile>
    <ClCompile Include="..\Classes\Net\pk_betweenClientLs.cpp">
      <Filter>Net</Filter>
    </ClCompile>
    <ClCompile Include="..\Classes\Net\pk_betweenLsGs.cpp">
      <Filter>Net</Filter>
    </ClCompile>
    <ClCompile Include="..\Classes\Net\pk_betweenLsPs.cpp">
      <Filter>Net</Filter>
    </ClCompile>
    <ClCompile Include="..\Classes\Net\pk_chat.cpp">
      <Filter>Net</Filter>
    </ClCompile>
    <ClCompile Include="..\Classes\Net\pk_map.cpp">
      <Filter>Net</Filter>
    </ClCompile>
    <ClCompile Include="..\Classes\Net\pk_move.cpp">
      <Filter>Net</Filter>
    </ClCompile>
    <ClCompile Include="..\Classes\Net\pk_nonInGame.cpp">
      <Filter>Net</Filter>
    </ClCompile>
    <ClCompile Include="..\Classes\Net\pk_others.cpp">
      <Filter>Net</Filter>
    </ClCompile>
    <ClCompile Include="..\Classes\Net\pk_pet.cpp">
      <Filter>Net</Filter>
    </ClCompile>
    <ClCompile Include="..\Classes\Net\pk_role.cpp">
      <Filter>Net</Filter>
    </ClCompile>
    <ClCompile Include="..\Classes\GameScene\GameDataManager.cpp">
      <Filter>GameScene</Filter>
    </ClCompile>
    <ClCompile Include="..\Classes\Net\msg_map.cpp">
      <Filter>Net</Filter>
    </ClCompile>
    <ClCompile Include="..\Classes\GameScene\Item.cpp">
      <Filter>GameScene</Filter>
    </ClCompile>
    <ClCompile Include="..\Classes\GameScene\ItemGrid.cpp">
      <Filter>GameScene</Filter>
    </ClCompile>
    <ClCompile Include="..\Classes\UI\MessageBoxUI.cpp">
      <Filter>UI</Filter>
    </ClCompile>
    <ClCompile Include="..\Classes\Net\msg_item.cpp">
      <Filter>Net</Filter>
    </ClCompile>
    <ClCompile Include="..\Classes\Net\pk_item.cpp">
      <Filter>Net</Filter>
    </ClCompile>
    <ClCompile Include="..\Classes\Net\NetDispatcherHandle_item.cpp">
      <Filter>Net</Filter>
    </ClCompile>
    <ClCompile Include="..\Classes\GameScene\Skill.cpp">
      <Filter>GameScene</Filter>
    </ClCompile>
    <ClCompile Include="..\Classes\UI\ResMgr\CtrlAllocator.cpp">
      <Filter>UI</Filter>
    </ClCompile>
    <ClCompile Include="..\Classes\UI\CustomCtrl\ComboBox.cpp">
      <Filter>UI\CustomCtrls</Filter>
    </ClCompile>
    <ClCompile Include="..\Classes\UI\CustomCtrl\RadioButtonSet.cpp">
      <Filter>UI\CustomCtrls</Filter>
    </ClCompile>
    <ClCompile Include="..\Classes\Net\msg_friend.cpp">
      <Filter>Net</Filter>
    </ClCompile>
    <ClCompile Include="..\Classes\Net\NetDispatcherHandle_friend.cpp">
      <Filter>Net</Filter>
    </ClCompile>
    <ClCompile Include="..\Classes\Net\pk_friend.cpp">
      <Filter>Net</Filter>
    </ClCompile>
    <ClCompile Include="..\Classes\UI\CustomCtrl\ScrollMsgWindow.cpp">
      <Filter>UI\CustomCtrls</Filter>
    </ClCompile>
    <ClCompile Include="..\Classes\UI\ChatMainUI.cpp">
      <Filter>UI</Filter>
    </ClCompile>
    <ClCompile Include="..\Classes\UI\CustomCtrl\UnderLinedText.cpp">
      <Filter>UI\CustomCtrls</Filter>
    </ClCompile>
    <ClCompile Include="..\Classes\Net\msg_team.cpp">
      <Filter>Net</Filter>
    </ClCompile>
    <ClCompile Include="..\Classes\Net\pk_team.cpp">
      <Filter>Net</Filter>
    </ClCompile>
    <ClCompile Include="..\Classes\Net\NetDispatcherHandle_Team.cpp">
      <Filter>Net</Filter>
    </ClCompile>
    <ClCompile Include="..\Classes\UI\ChatMainUI.cpp">
      <Filter>UI</Filter>
    </ClCompile>
    <ClCompile Include="..\Classes\UI\CustomCtrl\ScrollMsgWindow.cpp">
      <Filter>UI\CustomCtrls</Filter>
    </ClCompile>
    <ClCompile Include="..\Classes\UI\CustomCtrl\UnderLinedText.cpp">
      <Filter>UI\CustomCtrls</Filter>
    </ClCompile>
    <ClCompile Include="..\Classes\Net\NetDispatcherHandle_mail.cpp">
      <Filter>Net</Filter>
    </ClCompile>
    <ClCompile Include="..\Classes\Net\pk_mail.cpp">
      <Filter>Net</Filter>
    </ClCompile>
    <ClCompile Include="..\Classes\Net\msg_mail.cpp">
      <Filter>Net</Filter>
    </ClCompile>
    <ClCompile Include="..\Classes\UI\CustomCtrl\GridArrayUI.cpp">
      <Filter>UI\CustomCtrls</Filter>
    </ClCompile>
    <ClCompile Include="..\Classes\UI\CustomCtrl\JoyStick.cpp">
      <Filter>UI\CustomCtrls</Filter>
    </ClCompile>
    <ClCompile Include="..\Classes\UI\CustomCtrl\GridIcon.cpp">
      <Filter>UI\CustomCtrls</Filter>
    </ClCompile>
    <ClCompile Include="..\Classes\GameScene\GridsManager.cpp">
      <Filter>GameScene</Filter>
    </ClCompile>
    <ClCompile Include="..\Classes\UI\GamePrompt.cpp">
      <Filter>UI</Filter>
    </ClCompile>
    <ClCompile Include="..\Classes\UI\UIWorldMap.cpp">
      <Filter>UI</Filter>
    </ClCompile>
    <ClCompile Include="..\Classes\UI\CustomCtrl\ScrollList.cpp">
      <Filter>UI\CustomCtrls</Filter>
    </ClCompile>
    <ClCompile Include="..\Classes\GameScene\UpdateScene.cpp">
      <Filter>GameScene</Filter>
    </ClCompile>
    <ClCompile Include="..\Classes\UI\CustomCtrl\NumberAdjuster.cpp">
      <Filter>UI\CustomCtrls</Filter>
    </ClCompile>
    <ClCompile Include="..\Classes\UI\CustomCtrl\MenuForPlayer.cpp">
      <Filter>UI</Filter>
    </ClCompile>
    <ClCompile Include="..\Classes\UI\CustomCtrl\ScrollTable.cpp">
      <Filter>UI\CustomCtrls</Filter>
    </ClCompile>
    <ClCompile Include="..\Classes\GameScene\Monster.cpp">
      <Filter>GameScene</Filter>
    </ClCompile>
    <ClCompile Include="..\Classes\GameScene\MessageCenter.cpp">
      <Filter>GameScene</Filter>
    </ClCompile>
    <ClCompile Include="..\Classes\Net\msg_trade.cpp">
      <Filter>Net</Filter>
    </ClCompile>
    <ClCompile Include="..\Classes\Net\pk_trade.cpp">
      <Filter>Net</Filter>
    </ClCompile>
    <ClCompile Include="..\Classes\Net\NetDispatcherHandle_Trade.cpp">
      <Filter>Net</Filter>
    </ClCompile>
    <ClCompile Include="..\Classes\Net\NetDispatcherHandle_Guid.cpp">
      <Filter>Net</Filter>
    </ClCompile>
    <ClCompile Include="..\Classes\Net\pk_guild.cpp">
      <Filter>Net</Filter>
    </ClCompile>
    <ClCompile Include="..\Classes\Net\msg_guild.cpp">
      <Filter>Net</Filter>
    </ClCompile>
    <ClCompile Include="..\Classes\UI\CustomCtrl\ScrollBar.cpp">
      <Filter>UI\CustomCtrls</Filter>
    </ClCompile>
    <ClCompile Include="..\Classes\GameUpdate\GameUpdate.cpp">
      <Filter>GameUpdate</Filter>
    </ClCompile>
    <ClCompile Include="..\Classes\GameUpdate\GameUpdateManager.cpp">
      <Filter>GameUpdate</Filter>
    </ClCompile>
    <ClCompile Include="..\Classes\UI\TeamApplicationUI.cpp">
      <Filter>UI</Filter>
    </ClCompile>
    <ClCompile Include="..\Classes\GameScene\MapItem.cpp">
      <Filter>GameScene</Filter>
    </ClCompile>
    <ClCompile Include="..\Classes\GameScene\NPC.cpp">
      <Filter>GameScene</Filter>
    </ClCompile>
    <ClCompile Include="..\Classes\GameScene\PKMode.cpp">
      <Filter>GameScene</Filter>
    </ClCompile>
    <ClCompile Include="..\Classes\GameScene\GameVariable.cpp">
      <Filter>GameScene</Filter>
    </ClCompile>
    <ClCompile Include="..\Classes\UI\NpcDialog.cpp">
      <Filter>UI</Filter>
    </ClCompile>
    <ClCompile Include="..\Classes\Net\msg_task.cpp">
      <Filter>Net</Filter>
    </ClCompile>
    <ClCompile Include="..\Classes\Net\pk_task.cpp">
      <Filter>Net</Filter>
    </ClCompile>
    <ClCompile Include="..\Classes\Net\NetDispatcherHandle_Task.cpp">
      <Filter>Net</Filter>
    </ClCompile>
    <ClCompile Include="..\Classes\GameScene\TaskMgr.cpp">
      <Filter>GameScene</Filter>
    </ClCompile>
    <ClCompile Include="..\Classes\UI\TaskUI.cpp">
      <Filter>UI</Filter>
    </ClCompile>
    <ClCompile Include="..\Classes\UI\TaskDialog.cpp">
      <Filter>UI</Filter>
    </ClCompile>
    <ClCompile Include="..\Classes\UI\CustomCtrl\RichTextEX.cpp">
      <Filter>UI\CustomCtrls</Filter>
    </ClCompile>
    <ClCompile Include="..\Classes\Net\msg_sale.cpp">
      <Filter>Net</Filter>
    </ClCompile>
    <ClCompile Include="..\Classes\Net\pk_sale.cpp">
      <Filter>Net</Filter>
    </ClCompile>
    <ClCompile Include="..\Classes\Net\NetDispatcherHandle_Sale.cpp">
      <Filter>Net</Filter>
    </ClCompile>
    <ClCompile Include="..\Classes\UI\Relive.cpp">
      <Filter>UI</Filter>
    </ClCompile>
    <ClCompile Include="..\Classes\Net\msg_mall.cpp">
      <Filter>Net</Filter>
    </ClCompile>
    <ClCompile Include="..\Classes\Net\NetDispatcherHandle_Mall.cpp">
      <Filter>Net</Filter>
    </ClCompile>
    <ClCompile Include="..\Classes\Net\pk_mall.cpp">
      <Filter>Net</Filter>
    </ClCompile>
    <ClCompile Include="..\Classes\GameScene\BeyondMap.cpp">
      <Filter>GameScene</Filter>
    </ClCompile>
    <ClCompile Include="..\Classes\UI\CustomCtrl\TimerProgressBar.cpp">
      <Filter>UI\CustomCtrls</Filter>
    </ClCompile>
    <ClCompile Include="..\Classes\Net\msg_activeCenter.cpp">
      <Filter>Net</Filter>
    </ClCompile>
    <ClCompile Include="..\Classes\Net\pk_activeCenter.cpp">
      <Filter>Net</Filter>
    </ClCompile>
    <ClCompile Include="..\Classes\Net\NetDispatcherHandle_ActivityCenter.cpp">
      <Filter>Net</Filter>
    </ClCompile>
    <ClCompile Include="..\Classes\Net\msg_battle.cpp">
      <Filter>Net</Filter>
    </ClCompile>
    <ClCompile Include="..\Classes\Net\pk_battle.cpp">
      <Filter>Net</Filter>
    </ClCompile>
    <ClCompile Include="..\Classes\Net\NetDispatcherHandle_Battle.cpp">
      <Filter>Net</Filter>
    </ClCompile>
    <ClCompile Include="..\Classes\UI\CustomCtrl\CdCtrol.cpp">
      <Filter>UI\CustomCtrls</Filter>
    </ClCompile>
    <ClCompile Include="..\Classes\UI\SelectPlayer.cpp">
      <Filter>UI</Filter>
    </ClCompile>
    <ClCompile Include="..\Classes\UI\ServerList.cpp">
      <Filter>UI</Filter>
    </ClCompile>
    <ClCompile Include="..\Classes\UI\CreatePlayer.cpp">
      <Filter>UI</Filter>
    </ClCompile>
    <ClCompile Include="..\Classes\GameScene\Robot.cpp">
      <Filter>GameScene</Filter>
    </ClCompile>
    <ClCompile Include="..\Classes\Common\NameManager.cpp">
      <Filter>Common</Filter>
    </ClCompile>
    <ClCompile Include="..\Classes\UI\CustomCtrl\TuoYuanAction.cpp">
      <Filter>UI\CustomCtrls</Filter>
    </ClCompile>
    <ClCompile Include="..\Classes\Net\NetDispatcherHandle_Achievement.cpp">
      <Filter>Net</Filter>
    </ClCompile>
    <ClCompile Include="..\Classes\Net\msg_achievement.cpp">
      <Filter>Net</Filter>
    </ClCompile>
    <ClCompile Include="..\Classes\Net\pk_achievement.cpp">
      <Filter>Net</Filter>
    </ClCompile>
    <ClCompile Include="..\Classes\GameScene\BeginnerGuide.cpp">
      <Filter>GameScene</Filter>
    </ClCompile>
    <ClCompile Include="..\Classes\UI\CustomCtrl\ScrollMenu.cpp">
      <Filter>UI\CustomCtrls</Filter>
    </ClCompile>
    <ClCompile Include="..\Classes\UI\CustomCtrl\PageNum.cpp">
      <Filter>UI\CustomCtrls</Filter>
    </ClCompile>
    <ClCompile Include="..\Classes\GameScene\RoleTitle.cpp">
      <Filter>GameScene</Filter>
    </ClCompile>
    <ClCompile Include="..\Classes\GameScene\RoleTitleLayer.cpp">
      <Filter>GameScene</Filter>
    </ClCompile>
    <ClCompile Include="..\Classes\GameScene\GameHelper.cpp">
      <Filter>GameScene</Filter>
    </ClCompile>
    <ClCompile Include="..\Classes\GameScene\RoleFighter.cpp">
      <Filter>GameScene</Filter>
    </ClCompile>
    <ClCompile Include="..\Classes\Common\CoCosAudioManager.cpp">
      <Filter>Common\音效</Filter>
    </ClCompile>
    <ClCompile Include="..\Classes\GameScene\RoleBuff.cpp">
      <Filter>GameScene</Filter>
    </ClCompile>
    <ClCompile Include="..\Classes\UI\MainUINormal.cpp">
      <Filter>UI</Filter>
    </ClCompile>
    <ClCompile Include="..\Classes\UI\CustomCtrl\DragCtrol.cpp">
      <Filter>UI\CustomCtrls</Filter>
    </ClCompile>
    <ClCompile Include="..\Classes\GameScene\RoleState_Fight.cpp">
      <Filter>GameScene</Filter>
    </ClCompile>
    <ClCompile Include="..\Classes\GameScene\SkillScript.cpp">
      <Filter>GameScene</Filter>
    </ClCompile>
    <ClCompile Include="..\Classes\GameScene\GameEffectLayer.cpp">
      <Filter>GameScene</Filter>
    </ClCompile>
    <ClCompile Include="..\Classes\UI\WaitMessageUI.cpp">
      <Filter>UI</Filter>
    </ClCompile>
    <ClCompile Include="..\Classes\UI\LoadingUI.cpp">
      <Filter>UI</Filter>
    </ClCompile>
    <ClCompile Include="..\Classes\UI\MainUIFight.cpp">
      <Filter>UI</Filter>
    </ClCompile>
    <ClCompile Include="..\Classes\UI\HeroInfo.cpp">
      <Filter>UI</Filter>
    </ClCompile>
    <ClCompile Include="..\Classes\UI\FightPause.cpp">
      <Filter>UI</Filter>
    </ClCompile>
    <ClCompile Include="..\Classes\GameScene\RoleState_Forbiden.cpp">
      <Filter>GameScene</Filter>
    </ClCompile>
    <ClCompile Include="..\Classes\GameScene\RoleState_Dead.cpp">
      <Filter>GameScene</Filter>
    </ClCompile>
    <ClCompile Include="..\Classes\GameScene\RoleState_Injured.cpp">
      <Filter>GameScene</Filter>
    </ClCompile>
    <ClCompile Include="..\Classes\UI\DramaUI.cpp">
      <Filter>UI</Filter>
    </ClCompile>
    <ClCompile Include="..\Classes\UI\FriendUI.cpp">
      <Filter>UI</Filter>
    </ClCompile>
    <ClCompile Include="..\Classes\Common\DataPool.cpp">
      <Filter>Common</Filter>
    </ClCompile>
    <ClCompile Include="..\Classes\UI\MailUI.cpp">
      <Filter>UI</Filter>
    </ClCompile>
    <ClCompile Include="..\Classes\GameScene\Bullet.cpp">
      <Filter>GameScene</Filter>
    </ClCompile>
    <ClCompile Include="..\Classes\UI\RoleAttriUI.cpp">
      <Filter>UI</Filter>
    </ClCompile>
    <ClCompile Include="..\Classes\UI\RolePackageUI.cpp">
      <Filter>UI</Filter>
    </ClCompile>
    <ClCompile Include="..\Classes\UI\CustomCtrl\ScrollGrids.cpp">
      <Filter>UI\CustomCtrls</Filter>
    </ClCompile>
    <ClCompile Include="..\Classes\GameScene\SkillScriptFactory.cpp">
      <Filter>GameScene</Filter>
    </ClCompile>
    <ClCompile Include="..\Classes\UI\MissionUI.cpp">
      <Filter>UI</Filter>
    </ClCompile>
    <ClCompile Include="..\Classes\UI\TeamUI.cpp">
      <Filter>UI</Filter>
    </ClCompile>
    <ClCompile Include="..\Classes\UI\SkyBookUI.cpp">
      <Filter>UI</Filter>
    </ClCompile>
    <ClCompile Include="..\Classes\UI\CommonUI.cpp">
      <Filter>UI</Filter>
    </ClCompile>
    <ClCompile Include="..\Classes\UI\GameUIWithOutSideTouchEvent.cpp">
      <Filter>UI</Filter>
    </ClCompile>
    <ClCompile Include="..\Classes\GameScene\GodDeviceManager.cpp">
      <Filter>GameScene</Filter>
    </ClCompile>
    <ClCompile Include="..\Classes\UI\GodDeviceUI.cpp">
      <Filter>UI</Filter>
    </ClCompile>
    <ClCompile Include="..\Classes\GameScene\GameProcess.cpp">
      <Filter>GameScene</Filter>
    </ClCompile>
    <ClCompile Include="..\Classes\GameScene\GameExpression.cpp">
      <Filter>GameScene</Filter>
    </ClCompile>
    <ClCompile Include="..\Classes\GameScene\BeginnerGuideLayer.cpp">
      <Filter>GameScene</Filter>
    </ClCompile>
    <ClCompile Include="..\Classes\UI\StrengthenUI.cpp">
      <Filter>UI</Filter>
    </ClCompile>
    <ClCompile Include="..\Classes\UIData\CCopyDataMgr.cpp">
      <Filter>UIData</Filter>
    </ClCompile>
    <ClCompile Include="..\Classes\UIData\CMatchMachine.cpp">
      <Filter>UIData</Filter>
    </ClCompile>
    <ClCompile Include="..\Classes\UI\ManufactureUI.cpp">
      <Filter>UI</Filter>
    </ClCompile>
    <ClCompile Include="..\Classes\UI\OneStroke.cpp">
      <Filter>UI</Filter>
    </ClCompile>
    <ClCompile Include="..\Classes\UI\OpenLock.cpp">
      <Filter>UI</Filter>
    </ClCompile>
    <ClCompile Include="..\Classes\UI\ReviveUI.cpp">
      <Filter>UI</Filter>
    </ClCompile>
    <ClCompile Include="..\Classes\GameScene\RootScene.cpp">
      <Filter>GameScene</Filter>
    </ClCompile>
    <ClCompile Include="..\Classes\UI\ItemTipsUI.cpp">
      <Filter>UI</Filter>
    </ClCompile>
    <ClCompile Include="..\Classes\UI\HallTechUI.cpp">
      <Filter>UI</Filter>
    </ClCompile>
    <ClCompile Include="..\Classes\UI\CustomCtrl\ProgressBar.cpp">
      <Filter>UI\CustomCtrls</Filter>
    </ClCompile>
    <ClCompile Include="..\Classes\GameUpdate\GameUpdateUI.cpp">
      <Filter>GameUpdate</Filter>
    </ClCompile>
    <ClCompile Include="..\Classes\GameScene\Chests.cpp">
      <Filter>GameScene</Filter>
    </ClCompile>
    <ClCompile Include="..\Classes\UIData\Legion.cpp">
      <Filter>UIData</Filter>
    </ClCompile>
    <ClCompile Include="..\Classes\GameScene\HallTechManager.cpp">
      <Filter>GameScene</Filter>
    </ClCompile>
    <ClCompile Include="..\Classes\GameScene\IndicatorLayer.cpp">
      <Filter>GameScene</Filter>
    </ClCompile>
    <ClCompile Include="..\Classes\GameScene\Pet.cpp">
      <Filter>GameScene</Filter>
    </ClCompile>
    <ClCompile Include="..\Classes\GameScene\PetDataManager.cpp">
      <Filter>GameScene</Filter>
    </ClCompile>
    <ClCompile Include="..\Classes\UI\AddLegionUI.cpp">
      <Filter>UI</Filter>
    </ClCompile>
    <ClCompile Include="..\Classes\UI\LegionUI.cpp">
      <Filter>UI</Filter>
    </ClCompile>
    <ClCompile Include="..\Classes\UI\LoginUI.cpp">
      <Filter>UI</Filter>
    </ClCompile>
    <ClCompile Include="..\Classes\UIData\ChatData.cpp">
      <Filter>UIData</Filter>
    </ClCompile>
    <ClCompile Include="..\Classes\UI\HallTechTreeUI.cpp">
      <Filter>UI</Filter>
    </ClCompile>
    <ClCompile Include="..\Classes\Common\SysTipMgr.cpp">
      <Filter>GameScene</Filter>
    </ClCompile>
    <ClCompile Include="..\Classes\UI\CopyMapUI.cpp">
      <Filter>UI\副本界面</Filter>
    </ClCompile>
    <ClCompile Include="..\Classes\UI\CopyEnd.cpp">
      <Filter>UI\副本界面</Filter>
    </ClCompile>
    <ClCompile Include="..\Classes\UI\WaveEnd.cpp">
      <Filter>UI\副本界面</Filter>
    </ClCompile>
    <ClCompile Include="..\Classes\UI\CopyMapUICommon.cpp">
      <Filter>UI\副本界面</Filter>
    </ClCompile>
    <ClCompile Include="..\Classes\UI\CopyMapUIContendFor.cpp">
      <Filter>UI\副本界面</Filter>
    </ClCompile>
    <ClCompile Include="..\Classes\UI\CopyMapUIDef.cpp">
      <Filter>UI\副本界面</Filter>
    </ClCompile>
    <ClCompile Include="..\Classes\UI\CopyMapUIFreeFight.cpp">
      <Filter>UI\副本界面</Filter>
    </ClCompile>
    <ClCompile Include="..\Classes\UI\CopyMapUISurvive.cpp">
      <Filter>UI\副本界面</Filter>
    </ClCompile>
    <ClCompile Include="..\Classes\UI\FreeFightCheckOut.cpp">
      <Filter>UI\副本界面</Filter>
    </ClCompile>
    <ClCompile Include="..\Classes\UI\FreeFightScoreUI.cpp">
      <Filter>UI\副本界面</Filter>
    </ClCompile>
  </ItemGroup>
  <ItemGroup>
    <ClInclude Include="..\Classes\AppDelegate.h" />
    <ClInclude Include="main.h" />
    <ClInclude Include="..\Classes\GameScene\GameMap.h">
      <Filter>GameScene</Filter>
    </ClInclude>
    <ClInclude Include="..\Classes\GameScene\GameScene.h">
      <Filter>GameScene</Filter>
    </ClInclude>
    <ClInclude Include="..\Classes\GameScene\Hero.h">
      <Filter>GameScene</Filter>
    </ClInclude>
    <ClInclude Include="..\Classes\GameScene\LoginScene.h">
      <Filter>GameScene</Filter>
    </ClInclude>
    <ClInclude Include="..\Classes\GameScene\Player.h">
      <Filter>GameScene</Filter>
    </ClInclude>
    <ClInclude Include="..\Classes\GameScene\UpdateScene.h">
      <Filter>GameScene</Filter>
    </ClInclude>
    <ClInclude Include="..\Classes\GameScene\GameLayer.h">
      <Filter>GameScene</Filter>
    </ClInclude>
    <ClInclude Include="..\Classes\GameScene\GameTipsLayer.h">
      <Filter>GameScene</Filter>
    </ClInclude>
    <ClInclude Include="..\Classes\GameScene\GameUILayer.h">
      <Filter>GameScene</Filter>
    </ClInclude>
    <ClInclude Include="..\Classes\GameScene\GameManager.h">
      <Filter>GameScene</Filter>
    </ClInclude>
    <ClInclude Include="..\Classes\Net\NetDispatcher.h">
      <Filter>Net</Filter>
    </ClInclude>
    <ClInclude Include="..\Classes\UI\GameUI.h">
      <Filter>UI</Filter>
    </ClInclude>
    <ClInclude Include="..\Classes\UI\GameUIDef.h">
      <Filter>UI</Filter>
    </ClInclude>
    <ClInclude Include="..\Classes\UI\RoleSelectUI.h">
      <Filter>UI</Filter>
    </ClInclude>
    <ClInclude Include="..\Classes\Net\message.h">
      <Filter>Net</Filter>
    </ClInclude>
    <ClInclude Include="..\Classes\Net\msg_betweenClientLs.h">
      <Filter>Net</Filter>
    </ClInclude>
    <ClInclude Include="..\Classes\Net\msg_betweenLsGs.h">
      <Filter>Net</Filter>
    </ClInclude>
    <ClInclude Include="..\Classes\Net\package.h">
      <Filter>Net</Filter>
    </ClInclude>
    <ClInclude Include="..\Classes\Net\msg_betweenLsPs.h">
      <Filter>Net</Filter>
    </ClInclude>
    <ClInclude Include="..\Classes\Net\msg_chat.h">
      <Filter>Net</Filter>
    </ClInclude>
    <ClInclude Include="..\Classes\Net\msg_move.h">
      <Filter>Net</Filter>
    </ClInclude>
    <ClInclude Include="..\Classes\Net\msg_nonInGame.h">
      <Filter>Net</Filter>
    </ClInclude>
    <ClInclude Include="..\Classes\Net\msg_others.h">
      <Filter>Net</Filter>
    </ClInclude>
    <ClInclude Include="..\Classes\Net\msg_pet.h">
      <Filter>Net</Filter>
    </ClInclude>
    <ClInclude Include="..\Classes\Net\msg_role.h">
      <Filter>Net</Filter>
    </ClInclude>
    <ClInclude Include="..\Classes\Net\pk_betweenClientLs.h">
      <Filter>Net</Filter>
    </ClInclude>
    <ClInclude Include="..\Classes\Net\pk_betweenLsGs.h">
      <Filter>Net</Filter>
    </ClInclude>
    <ClInclude Include="..\Classes\Net\pk_betweenLsPs.h">
      <Filter>Net</Filter>
    </ClInclude>
    <ClInclude Include="..\Classes\Net\pk_chat.h">
      <Filter>Net</Filter>
    </ClInclude>
    <ClInclude Include="..\Classes\Net\pk_map.h">
      <Filter>Net</Filter>
    </ClInclude>
    <ClInclude Include="..\Classes\Net\pk_move.h">
      <Filter>Net</Filter>
    </ClInclude>
    <ClInclude Include="..\Classes\Net\pk_nonInGame.h">
      <Filter>Net</Filter>
    </ClInclude>
    <ClInclude Include="..\Classes\Net\pk_others.h">
      <Filter>Net</Filter>
    </ClInclude>
    <ClInclude Include="..\Classes\Net\pk_pet.h">
      <Filter>Net</Filter>
    </ClInclude>
    <ClInclude Include="..\Classes\Net\pk_role.h">
      <Filter>Net</Filter>
    </ClInclude>
    <ClInclude Include="..\Classes\GameScene\Item.h">
      <Filter>GameScene</Filter>
    </ClInclude>
    <ClInclude Include="..\Classes\GameScene\ItemGrid.h">
      <Filter>GameScene</Filter>
    </ClInclude>
    <ClInclude Include="..\Classes\GameScene\GameDataManager.h">
      <Filter>GameScene</Filter>
    </ClInclude>
    <ClInclude Include="..\Classes\Net\msg_map.h">
      <Filter>Net</Filter>
    </ClInclude>
    <ClInclude Include="..\Classes\GameScene\db.h">
      <Filter>GameScene</Filter>
    </ClInclude>
    <ClInclude Include="..\Classes\UI\MessageBoxUI.h">
      <Filter>UI</Filter>
    </ClInclude>
    <ClInclude Include="..\Classes\Net\msg_item.h">
      <Filter>Net</Filter>
    </ClInclude>
    <ClInclude Include="..\Classes\Net\pk_item.h">
      <Filter>Net</Filter>
    </ClInclude>
    <ClInclude Include="..\Classes\GameScene\ItemType.h">
      <Filter>GameScene</Filter>
    </ClInclude>
    <ClInclude Include="..\Classes\GameScene\Skill.h">
      <Filter>GameScene</Filter>
    </ClInclude>
    <ClInclude Include="..\Classes\UI\ResMgr\CtrlAllocator.h">
      <Filter>UI</Filter>
    </ClInclude>
    <ClInclude Include="..\Classes\UI\CustomCtrl\ComboBox.h">
      <Filter>UI\CustomCtrls</Filter>
    </ClInclude>
    <ClInclude Include="..\Classes\UI\CustomCtrl\RadioButtonSet.h">
      <Filter>UI\CustomCtrls</Filter>
    </ClInclude>
    <ClInclude Include="..\Classes\Net\msg_friend.h">
      <Filter>Net</Filter>
    </ClInclude>
    <ClInclude Include="..\Classes\Net\pk_friend.h">
      <Filter>Net</Filter>
    </ClInclude>
    <ClInclude Include="..\Classes\Common\CommonDef.h">
      <Filter>Common</Filter>
    </ClInclude>
    <ClInclude Include="..\Classes\UI\CustomCtrl\ScrollMsgWindow.h">
      <Filter>UI\CustomCtrls</Filter>
    </ClInclude>
    <ClInclude Include="..\Classes\UI\ChatMainUI.h">
      <Filter>UI</Filter>
    </ClInclude>
    <ClInclude Include="..\Classes\UI\CustomCtrl\UnderLinedText.h">
      <Filter>UI\CustomCtrls</Filter>
    </ClInclude>
    <ClInclude Include="..\Classes\Net\msg_team.h">
      <Filter>Net</Filter>
    </ClInclude>
    <ClInclude Include="..\Classes\Net\pk_team.h">
      <Filter>Net</Filter>
    </ClInclude>
    <ClInclude Include="..\Classes\UI\ChatMainUI.h">
      <Filter>UI</Filter>
    </ClInclude>
    <ClInclude Include="..\Classes\UI\CustomCtrl\UnderLinedText.h">
      <Filter>UI\CustomCtrls</Filter>
    </ClInclude>
    <ClInclude Include="..\Classes\UI\CustomCtrl\ScrollMsgWindow.h">
      <Filter>UI\CustomCtrls</Filter>
    </ClInclude>
    <ClInclude Include="..\Classes\Net\pk_mail.h">
      <Filter>Net</Filter>
    </ClInclude>
    <ClInclude Include="..\Classes\Net\msg_mail.h">
      <Filter>Net</Filter>
    </ClInclude>
    <ClInclude Include="..\Classes\UI\CustomCtrl\GridArrayUI.h">
      <Filter>UI\CustomCtrls</Filter>
    </ClInclude>
    <ClInclude Include="..\Classes\UI\CustomCtrl\JoyStick.h">
      <Filter>UI\CustomCtrls</Filter>
    </ClInclude>
    <ClInclude Include="..\Classes\UI\CustomCtrl\GridIcon.h">
      <Filter>UI\CustomCtrls</Filter>
    </ClInclude>
    <ClInclude Include="..\Classes\GameScene\GridsManager.h">
      <Filter>GameScene</Filter>
    </ClInclude>
    <ClInclude Include="..\Classes\UI\GamePrompt.h">
      <Filter>UI</Filter>
    </ClInclude>
    <ClInclude Include="..\Classes\UI\UIWorldMap.h">
      <Filter>UI</Filter>
    </ClInclude>
    <ClInclude Include="..\Classes\UI\CustomCtrl\ScrollList.h">
      <Filter>UI\CustomCtrls</Filter>
    </ClInclude>
    <ClInclude Include="..\Classes\UI\CustomCtrl\NumberAdjuster.h">
      <Filter>UI\CustomCtrls</Filter>
    </ClInclude>
    <ClInclude Include="..\Classes\Common\StringDef.h">
      <Filter>Common</Filter>
    </ClInclude>
    <ClInclude Include="..\Classes\UI\CustomCtrl\MenuForPlayer.h">
      <Filter>UI</Filter>
    </ClInclude>
    <ClInclude Include="..\Classes\UI\CustomCtrl\ScrollTable.h">
      <Filter>UI\CustomCtrls</Filter>
    </ClInclude>
    <ClInclude Include="..\Classes\GameScene\Monster.h">
      <Filter>GameScene</Filter>
    </ClInclude>
    <ClInclude Include="..\Classes\GameScene\MessageCenter.h">
      <Filter>GameScene</Filter>
    </ClInclude>
    <ClInclude Include="..\Classes\Net\msg_trade.h">
      <Filter>Net</Filter>
    </ClInclude>
    <ClInclude Include="..\Classes\Net\pk_trade.h">
      <Filter>Net</Filter>
    </ClInclude>
    <ClInclude Include="..\Classes\Net\msg_guild.h">
      <Filter>Net</Filter>
    </ClInclude>
    <ClInclude Include="..\Classes\UI\CustomCtrl\ScrollBar.h">
      <Filter>UI\CustomCtrls</Filter>
    </ClInclude>
    <ClInclude Include="..\Classes\GameUpdate\GameUpdate.h">
      <Filter>GameUpdate</Filter>
    </ClInclude>
    <ClInclude Include="..\Classes\GameUpdate\GameUpdateManager.h">
      <Filter>GameUpdate</Filter>
    </ClInclude>
    <ClInclude Include="..\Classes\Net\pk_guild.h">
      <Filter>Net</Filter>
    </ClInclude>
    <ClInclude Include="..\Classes\UI\TeamApplicationUI.h">
      <Filter>UI</Filter>
    </ClInclude>
    <ClInclude Include="..\Classes\GameScene\MapItem.h">
      <Filter>GameScene</Filter>
    </ClInclude>
    <ClInclude Include="..\Classes\GameScene\NPC.h">
      <Filter>GameScene</Filter>
    </ClInclude>
    <ClInclude Include="..\Classes\GameScene\PKMode.h">
      <Filter>GameScene</Filter>
    </ClInclude>
    <ClInclude Include="..\Classes\GameScene\GameVariable.h">
      <Filter>GameScene</Filter>
    </ClInclude>
    <ClInclude Include="..\Classes\UI\NpcDialog.h">
      <Filter>UI</Filter>
    </ClInclude>
    <ClInclude Include="..\Classes\Net\msg_task.h">
      <Filter>Net</Filter>
    </ClInclude>
    <ClInclude Include="..\Classes\Net\pk_task.h">
      <Filter>Net</Filter>
    </ClInclude>
    <ClInclude Include="..\Classes\GameScene\TaskMgr.h">
      <Filter>GameScene</Filter>
    </ClInclude>
    <ClInclude Include="..\Classes\UI\TaskUI.h">
      <Filter>UI</Filter>
    </ClInclude>
    <ClInclude Include="..\Classes\UI\TaskDialog.h">
      <Filter>UI</Filter>
    </ClInclude>
    <ClInclude Include="..\Classes\UI\CustomCtrl\RichTextEX.h">
      <Filter>UI\CustomCtrls</Filter>
    </ClInclude>
    <ClInclude Include="..\Classes\Net\msg_sale.h">
      <Filter>Net</Filter>
    </ClInclude>
    <ClInclude Include="..\Classes\Net\pk_sale.h">
      <Filter>Net</Filter>
    </ClInclude>
    <ClInclude Include="..\Classes\UI\Relive.h">
      <Filter>UI</Filter>
    </ClInclude>
    <ClInclude Include="..\Classes\Net\msg_mall.h">
      <Filter>Net</Filter>
    </ClInclude>
    <ClInclude Include="..\Classes\Net\pk_mall.h">
      <Filter>Net</Filter>
    </ClInclude>
    <ClInclude Include="..\Classes\GameScene\BeyondMap.h">
      <Filter>GameScene</Filter>
    </ClInclude>
    <ClInclude Include="..\Classes\UI\CustomCtrl\TimerProgressBar.h">
      <Filter>UI\CustomCtrls</Filter>
    </ClInclude>
    <ClInclude Include="..\Classes\Net\msg_activeCenter.h">
      <Filter>Net</Filter>
    </ClInclude>
    <ClInclude Include="..\Classes\Net\pk_activeCenter.h">
      <Filter>Net</Filter>
    </ClInclude>
    <ClInclude Include="..\Classes\Net\msg_battle.h">
      <Filter>Net</Filter>
    </ClInclude>
    <ClInclude Include="..\Classes\Net\pk_battle.h">
      <Filter>Net</Filter>
    </ClInclude>
    <ClInclude Include="..\Classes\UI\CustomCtrl\CdCtrol.h">
      <Filter>UI\CustomCtrls</Filter>
    </ClInclude>
    <ClInclude Include="..\Classes\UI\SelectPlayer.h">
      <Filter>UI</Filter>
    </ClInclude>
    <ClInclude Include="..\Classes\UI\ServerList.h">
      <Filter>UI</Filter>
    </ClInclude>
    <ClInclude Include="..\Classes\UI\CreatePlayer.h">
      <Filter>UI</Filter>
    </ClInclude>
    <ClInclude Include="..\Classes\GameScene\Robot.h">
      <Filter>GameScene</Filter>
    </ClInclude>
    <ClInclude Include="..\Classes\Common\NameManager.h">
      <Filter>Common</Filter>
    </ClInclude>
    <ClInclude Include="..\Classes\UI\CustomCtrl\TuoYuanAction.h">
      <Filter>UI\CustomCtrls</Filter>
    </ClInclude>
    <ClInclude Include="..\Classes\Net\msg_achievement.h">
      <Filter>Net</Filter>
    </ClInclude>
    <ClInclude Include="..\Classes\Net\pk_achievement.h">
      <Filter>Net</Filter>
    </ClInclude>
    <ClInclude Include="..\Classes\GameScene\BeginnerGuide.h">
      <Filter>GameScene</Filter>
    </ClInclude>
    <ClInclude Include="..\Classes\UI\CustomCtrl\ScrollMenu.h">
      <Filter>UI\CustomCtrls</Filter>
    </ClInclude>
    <ClInclude Include="..\Classes\UI\CustomCtrl\PageNum.h">
      <Filter>UI\CustomCtrls</Filter>
    </ClInclude>
    <ClInclude Include="..\Classes\GameScene\RoleTitle.h">
      <Filter>GameScene</Filter>
    </ClInclude>
    <ClInclude Include="..\Classes\GameScene\RoleTitleLayer.h">
      <Filter>GameScene</Filter>
    </ClInclude>
    <ClInclude Include="..\Classes\GameScene\SkillType.h">
      <Filter>GameScene</Filter>
    </ClInclude>
    <ClInclude Include="..\Classes\GameScene\GameHelper.h">
      <Filter>GameScene</Filter>
    </ClInclude>
    <ClInclude Include="..\Classes\GameScene\RoleFighter.h">
      <Filter>GameScene</Filter>
    </ClInclude>
    <ClInclude Include="..\Classes\Common\AudioManager.h">
      <Filter>Common\音效</Filter>
    </ClInclude>
    <ClInclude Include="..\Classes\Common\CoCosAudioManager.h">
      <Filter>Common\音效</Filter>
    </ClInclude>
    <ClInclude Include="..\Classes\GameScene\RoleBuff.h">
      <Filter>GameScene</Filter>
    </ClInclude>
    <ClInclude Include="..\Classes\UI\MainUINormal.h">
      <Filter>UI</Filter>
    </ClInclude>
    <ClInclude Include="..\Classes\UI\CocosUI.h">
      <Filter>UI</Filter>
    </ClInclude>
    <ClInclude Include="..\Classes\UI\CustomCtrl\CustomCtrl.h">
      <Filter>UI\CustomCtrls</Filter>
    </ClInclude>
    <ClInclude Include="..\Classes\UI\CustomCtrl\DragCtrol.h">
      <Filter>UI\CustomCtrls</Filter>
    </ClInclude>
    <ClInclude Include="..\Classes\GameScene\SkillScript.h">
      <Filter>GameScene</Filter>
    </ClInclude>
    <ClInclude Include="..\Classes\GameScene\RoleState_Fight.h">
      <Filter>GameScene</Filter>
    </ClInclude>
    <ClInclude Include="..\Classes\GameScene\GameEffectLayer.h">
      <Filter>GameScene</Filter>
    </ClInclude>
    <ClInclude Include="..\Classes\UI\WaitMessageUI.h">
      <Filter>UI</Filter>
    </ClInclude>
    <ClInclude Include="..\Classes\UI\LoadingUI.h">
      <Filter>UI</Filter>
    </ClInclude>
    <ClInclude Include="..\Classes\UI\MainUIFight.h">
      <Filter>UI</Filter>
    </ClInclude>
    <ClInclude Include="..\Classes\UI\HeroInfo.h">
      <Filter>UI</Filter>
    </ClInclude>
    <ClInclude Include="..\Classes\UI\FightPause.h">
      <Filter>UI</Filter>
    </ClInclude>
    <ClInclude Include="..\Classes\GameScene\RoleState_Forbiden.h">
      <Filter>GameScene</Filter>
    </ClInclude>
    <ClInclude Include="..\Classes\GameScene\RoleState_Dead.h">
      <Filter>GameScene</Filter>
    </ClInclude>
    <ClInclude Include="..\Classes\GameScene\RoleState_Injured.h">
      <Filter>GameScene</Filter>
    </ClInclude>
    <ClInclude Include="..\Classes\UI\DramaUi.h">
      <Filter>UI</Filter>
    </ClInclude>
    <ClInclude Include="..\Classes\UI\FriendUI.h">
      <Filter>UI</Filter>
    </ClInclude>
    <ClInclude Include="..\Classes\Common\DataPool.h">
      <Filter>Common</Filter>
    </ClInclude>
    <ClInclude Include="..\Classes\UI\MailUI.h">
      <Filter>UI</Filter>
    </ClInclude>
    <ClInclude Include="..\Classes\GameScene\Bullet.h">
      <Filter>GameScene</Filter>
    </ClInclude>
    <ClInclude Include="..\Classes\UI\RoleAttriUI.h">
      <Filter>UI</Filter>
    </ClInclude>
    <ClInclude Include="..\Classes\UI\RolePackageUI.h">
      <Filter>UI</Filter>
    </ClInclude>
    <ClInclude Include="..\Classes\UI\CustomCtrl\ScrollGrids.h">
      <Filter>UI\CustomCtrls</Filter>
    </ClInclude>
    <ClInclude Include="..\Classes\GameScene\SkillScriptFactory.h">
      <Filter>GameScene</Filter>
    </ClInclude>
    <ClInclude Include="..\Classes\UI\MissionUI.h">
      <Filter>UI</Filter>
    </ClInclude>
    <ClInclude Include="..\Classes\GameScene\GameMapTypes.h">
      <Filter>GameScene</Filter>
    </ClInclude>
    <ClInclude Include="..\Classes\UI\MainUI.h">
      <Filter>UI</Filter>
    </ClInclude>
    <ClInclude Include="..\Classes\UI\TeamUI.h">
      <Filter>UI</Filter>
    </ClInclude>
    <ClInclude Include="..\Classes\UI\SkyBookUI.h">
      <Filter>UI</Filter>
    </ClInclude>
    <ClInclude Include="..\Classes\UI\CommonUI.h">
      <Filter>UI</Filter>
    </ClInclude>
    <ClInclude Include="..\Classes\UI\GameUIWithOutSideTouchEvent.h">
      <Filter>UI</Filter>
    </ClInclude>
    <ClInclude Include="..\Classes\GameScene\GodDeviceManager.h">
      <Filter>GameScene</Filter>
    </ClInclude>
    <ClInclude Include="..\Classes\UI\GodDeviceUI.h">
      <Filter>UI</Filter>
    </ClInclude>
    <ClInclude Include="..\Classes\GameScene\GameProcess.h">
      <Filter>GameScene</Filter>
    </ClInclude>
    <ClInclude Include="..\Classes\GameScene\GameExpression.h">
      <Filter>GameScene</Filter>
    </ClInclude>
    <ClInclude Include="..\Classes\GameScene\BeginnerGuideLayer.h">
      <Filter>GameScene</Filter>
    </ClInclude>
    <ClInclude Include="..\Classes\UI\StrengthenUI.h">
      <Filter>UI</Filter>
    </ClInclude>
    <ClInclude Include="..\Classes\UIData\CCopyDataMgr.h">
      <Filter>UIData</Filter>
    </ClInclude>
    <ClInclude Include="..\Classes\UIData\CMatchMachine.h">
      <Filter>UIData</Filter>
    </ClInclude>
    <ClInclude Include="..\Classes\UI\ManufactureUI.h">
      <Filter>UI</Filter>
    </ClInclude>
    <ClInclude Include="..\Classes\UI\OneStroke.h">
      <Filter>UI</Filter>
    </ClInclude>
    <ClInclude Include="..\Classes\UI\OpenLock.h">
      <Filter>UI</Filter>
    </ClInclude>
    <ClInclude Include="..\Classes\Common\SysTipsMgr.h">
      <Filter>GameScene</Filter>
    </ClInclude>
    <ClInclude Include="..\Classes\UI\ReviveUI.h">
      <Filter>UI</Filter>
    </ClInclude>
    <ClInclude Include="..\Classes\GameScene\RootScene.h">
      <Filter>GameScene</Filter>
    </ClInclude>
    <ClInclude Include="..\Classes\UI\ItemTipsUI.h">
      <Filter>UI</Filter>
    </ClInclude>
    <ClInclude Include="..\Classes\UI\HallTechUI.h">
      <Filter>UI</Filter>
    </ClInclude>
    <ClInclude Include="..\Classes\UI\CustomCtrl\ProgressBar.h">
      <Filter>UI\CustomCtrls</Filter>
    </ClInclude>
    <ClInclude Include="..\Classes\GameUpdate\GameUpdateUI.h">
      <Filter>GameUpdate</Filter>
    </ClInclude>
    <ClInclude Include="..\Classes\GameScene\Chests.h">
      <Filter>GameScene</Filter>
    </ClInclude>
    <ClInclude Include="..\Classes\UIData\Legion.h">
      <Filter>UIData</Filter>
    </ClInclude>
    <ClInclude Include="..\Classes\GameScene\HallTechManager.h">
      <Filter>GameScene</Filter>
    </ClInclude>
    <ClInclude Include="..\Classes\GameScene\IndicatorLayer.h">
      <Filter>GameScene</Filter>
    </ClInclude>
    <ClInclude Include="..\Classes\GameScene\Pet.h">
      <Filter>GameScene</Filter>
    </ClInclude>
    <ClInclude Include="..\Classes\GameScene\PetDataManager.h">
      <Filter>GameScene</Filter>
    </ClInclude>
    <ClInclude Include="..\Classes\UI\AddLegionUI.h">
      <Filter>UI</Filter>
    </ClInclude>
    <ClInclude Include="..\Classes\UI\LegionUI.h">
      <Filter>UI</Filter>
    </ClInclude>
    <ClInclude Include="..\Classes\UI\LoginUI.h">
      <Filter>UI</Filter>
    </ClInclude>
    <ClInclude Include="..\Classes\UI\HallTechTreeUI.h">
      <Filter>UI</Filter>
    </ClInclude>
    <ClInclude Include="..\Classes\UIData\ChatData.h">
      <Filter>UIData</Filter>
    </ClInclude>
    <ClInclude Include="..\Classes\UI\CopyMapUI.h">
      <Filter>UI\副本界面</Filter>
    </ClInclude>
    <ClInclude Include="..\Classes\UI\CopyEnd.h">
      <Filter>UI\副本界面</Filter>
    </ClInclude>
    <ClInclude Include="..\Classes\UI\WaveEnd.h">
      <Filter>UI\副本界面</Filter>
    </ClInclude>
    <ClInclude Include="..\Classes\UI\CopyMapUICommon.h">
      <Filter>UI\副本界面</Filter>
    </ClInclude>
    <ClInclude Include="..\Classes\UI\CopyMapUIContendFor.h">
      <Filter>UI\副本界面</Filter>
    </ClInclude>
    <ClInclude Include="..\Classes\UI\CopyMapUIDef.h">
      <Filter>UI\副本界面</Filter>
    </ClInclude>
    <ClInclude Include="..\Classes\UI\CopyMapUIFreeFight.h">
      <Filter>UI\副本界面</Filter>
    </ClInclude>
    <ClInclude Include="..\Classes\UI\CopyMapUISurvive.h">
      <Filter>UI\副本界面</Filter>
    </ClInclude>
    <ClInclude Include="..\Classes\UI\FreeFightCheckOut.h">
      <Filter>UI\副本界面</Filter>
    </ClInclude>
    <ClInclude Include="..\Classes\UI\FreeFightScoreUI.h">
      <Filter>UI\副本界面</Filter>
    </ClInclude>
  </ItemGroup>
  <ItemGroup>
    <Filter Include="GameScene">
      <UniqueIdentifier>{80e5ed9c-de47-4098-9360-fb5f40a5e6e7}</UniqueIdentifier>
    </Filter>
    <Filter Include="UI">
      <UniqueIdentifier>{0e8a29f7-1bda-44db-a90f-ef5080b63c20}</UniqueIdentifier>
    </Filter>
    <Filter Include="Net">
      <UniqueIdentifier>{702b740a-6c45-4402-9d08-03209a1d0301}</UniqueIdentifier>
    </Filter>
    <Filter Include="UI\CustomCtrls">
      <UniqueIdentifier>{6368a2c5-5f8b-49e1-9e2b-858727a4aded}</UniqueIdentifier>
    </Filter>
    <Filter Include="Common">
      <UniqueIdentifier>{2bef80a6-5646-4cf4-bedd-3fe7dd92f9d0}</UniqueIdentifier>
    </Filter>
    <Filter Include="GameUpdate">
      <UniqueIdentifier>{ef8acf71-d309-4984-a434-fff10017dda9}</UniqueIdentifier>
    </Filter>
    <Filter Include="Common\音效">
      <UniqueIdentifier>{be4080cb-2399-4254-8805-630482991786}</UniqueIdentifier>
    </Filter>
    <Filter Include="UIData">
      <UniqueIdentifier>{419b003c-9e14-4462-9da9-4f7624a0eab4}</UniqueIdentifier>
    </Filter>
    <Filter Include="UI\副本界面">
      <UniqueIdentifier>{3a698adc-a487-4fc0-90d7-c0f4259734d9}</UniqueIdentifier>
    </Filter>
  </ItemGroup>
</Project>